
Microsoft Visual Studio Solution File, Format Version 12.00
# Visual Studio 15
VisualStudioVersion = 15.0.26730.3
MinimumVisualStudioVersion = 10.0.40219.1
Project("{FAE04EC0-301F-11D3-BF4B-00C04F79EFBC}") = "HappierSmtp", "HappierSmtp\HappierSmtp.csproj", "{0157B8ED-E573-41AB-B42A-EE20539D3073}"
EndProject
Global
	GlobalSection(SolutionConfigurationPlatforms) = preSolution
		Debug|Any CPU = Debug|Any CPU
		Release|Any CPU = Release|Any CPU
	EndGlobalSection
	GlobalSection(ProjectConfigurationPlatforms) = postSolution
		{0157B8ED-E573-41AB-B42A-EE20539D3073}.Debug|Any CPU.ActiveCfg = Debug|Any CPU
		{0157B8ED-E573-41AB-B42A-EE20539D3073}.Debug|Any CPU.Build.0 = Debug|Any CPU
		{0157B8ED-E573-41AB-B42A-EE20539D3073}.Release|Any CPU.ActiveCfg = Release|Any CPU
		{0157B8ED-E573-41AB-B42A-EE20539D3073}.Release|Any CPU.Build.0 = Release|Any CPU
	EndGlobalSection
	GlobalSection(SolutionProperties) = preSolution
		HideSolutionNode = FALSE
	EndGlobalSection
	GlobalSection(ExtensibilityGlobals) = postSolution
		SolutionGuid = {FE2CFCA4-4545-4640-8635-9F29F8CFAA6F}
	EndGlobalSection
EndGlobal
